
Microsoft Visual Studio Solution File, Format Version 12.00
# Visual Studio Version 17
VisualStudioVersion = 17.3.32901.215
MinimumVisualStudioVersion = 10.0.40219.1
Project("{FAE04EC0-301F-11D3-BF4B-00C04F79EFBC}") = "OpenTK 2d RayTracing", "OpenTK 2d RayTracing\OpenTK 2d RayTracing.csproj", "{21FAF7AF-5A26-4D40-BC84-5D4ACDAB3815}"
EndProject
Global
	GlobalSection(SolutionConfigurationPlatforms) = preSolution
		Debug|Any CPU = Debug|Any CPU
		Release|Any CPU = Release|Any CPU
	EndGlobalSection
	GlobalSection(ProjectConfigurationPlatforms) = postSolution
		{21FAF7AF-5A26-4D40-BC84-5D4ACDAB3815}.Debug|Any CPU.ActiveCfg = Debug|Any CPU
		{21FAF7AF-5A26-4D40-BC84-5D4ACDAB3815}.Debug|Any CPU.Build.0 = Debug|Any CPU
		{21FAF7AF-5A26-4D40-BC84-5D4ACDAB3815}.Release|Any CPU.ActiveCfg = Release|Any CPU
		{21FAF7AF-5A26-4D40-BC84-5D4ACDAB3815}.Release|Any CPU.Build.0 = Release|Any CPU
	EndGlobalSection
	GlobalSection(SolutionProperties) = preSolution
		HideSolutionNode = FALSE
	EndGlobalSection
	GlobalSection(ExtensibilityGlobals) = postSolution
		SolutionGuid = {B3B1C761-DC43-4EA5-8266-8F51D32FCA89}
	EndGlobalSection
EndGlobal
